// !$*UTF8*$!
{
	archiveVersion = 1;
	classes = {
	};
	objectVersion = 46;
	objects = {

/* Begin PBXBuildFile section */
		981A10EB1A61FF350003486F /* PrettyButton.m in Sources */ = {isa = PBXBuildFile; fileRef = 981A10E91A61FF350003486F /* PrettyButton.m */; };
		98FA82DA1A5AD50F00BD99BF /* main.m in Sources */ = {isa = PBXBuildFile; fileRef = 98FA82D91A5AD50F00BD99BF /* main.m */; };
		98FA82DD1A5AD50F00BD99BF /* AppDelegate.m in Sources */ = {isa = PBXBuildFile; fileRef = 98FA82DC1A5AD50F00BD99BF /* AppDelegate.m */; };
		98FA82E01A5AD50F00BD99BF /* ViewController.m in Sources */ = {isa = PBXBuildFile; fileRef = 98FA82DF1A5AD50F00BD99BF /* ViewController.m */; };
		98FA82E31A5AD50F00BD99BF /* Main.storyboard in Resources */ = {isa = PBXBuildFile; fileRef = 98FA82E11A5AD50F00BD99BF /* Main.storyboard */; };
		98FA82E51A5AD50F00BD99BF /* Images.xcassets in Resources */ = {isa = PBXBuildFile; fileRef = 98FA82E41A5AD50F00BD99BF /* Images.xcassets */; };
		98FA82E81A5AD50F00BD99BF /* LaunchScreen.xib in Resources */ = {isa = PBXBuildFile; fileRef = 98FA82E61A5AD50F00BD99BF /* LaunchScreen.xib */; };
		98FA82F41A5AD50F00BD99BF /* FirstAppTests.m in Sources */ = {isa = PBXBuildFile; fileRef = 98FA82F31A5AD50F00BD99BF /* FirstAppTests.m */; };
/* End PBXBuildFile section */

/* Begin PBXContainerItemProxy section */
		98FA82EE1A5AD50F00BD99BF /* PBXContainerItemProxy */ = {
			isa = PBXContainerItemProxy;
			containerPortal = 98FA82CC1A5AD50F00BD99BF /* Project object */;
			proxyType = 1;
			remoteGlobalIDString = 98FA82D31A5AD50F00BD99BF;
			remoteInfo = FirstApp;
		};
/* End PBXContainerItemProxy section */

/* Begin PBXFileReference section */
		981A10E91A61FF350003486F /* PrettyButton.m */ = {isa = PBXFileReference; fileEncoding = 4; lastKnownFileType = sourcecode.c.objc; path = PrettyButton.m; sourceTree = "<group>"; };
		981A10EA1A61FF350003486F /* PrettyButton.h */ = {isa = PBXFileReference; fileEncoding = 4; lastKnownFileType = sourcecode.c.h; path = PrettyButton.h; sourceTree = "<group>"; };
		98FA82D41A5AD50F00BD99BF /* FirstApp.app */ = {isa = PBXFileReference; explicitFileType = wrapper.application; includeInIndex = 0; path = FirstApp.app; sourceTree = BUILT_PRODUCTS_DIR; };
		98FA82D81A5AD50F00BD99BF /* Info.plist */ = {isa = PBXFileReference; lastKnownFileType = text.plist.xml; path = Info.plist; sourceTree = "<group>"; };
		98FA82D91A5AD50F00BD99BF /* main.m */ = {isa = PBXFileReference; lastKnownFileType = sourcecode.c.objc; path = main.m; sourceTree = "<group>"; };
		98FA82DB1A5AD50F00BD99BF /* AppDelegate.h */ = {isa = PBXFileReference; lastKnownFileType = sourcecode.c.h; path = AppDelegate.h; sourceTree = "<group>"; };
		98FA82DC1A5AD50F00BD99BF /* AppDelegate.m */ = {isa = PBXFileReference; lastKnownFileType = sourcecode.c.objc; path = AppDelegate.m; sourceTree = "<group>"; };
		98FA82DE1A5AD50F00BD99BF /* ViewController.h */ = {isa = PBXFileReference; lastKnownFileType = sourcecode.c.h; path = ViewController.h; sourceTree = "<group>"; };
		98FA82DF1A5AD50F00BD99BF /* ViewController.m */ = {isa = PBXFileReference; lastKnownFileType = sourcecode.c.objc; path = ViewController.m; sourceTree = "<group>"; };
		98FA82E21A5AD50F00BD99BF /* Base */ = {isa = PBXFileReference; lastKnownFileType = file.storyboard; name = Base; path = Base.lproj/Main.storyboard; sourceTree = "<group>"; };
		98FA82E41A5AD50F00BD99BF /* Images.xcassets */ = {isa = PBXFileReference; lastKnownFileType = folder.assetcatalog; path = Images.xcassets; sourceTree = "<group>"; };
		98FA82E71A5AD50F00BD99BF /* Base */ = {isa = PBXFileReference; lastKnownFileType = file.xib; name = Base; path = Base.lproj/LaunchScreen.xib; sourceTree = "<group>"; };
		98FA82ED1A5AD50F00BD99BF /* FirstAppTests.xctest */ = {isa = PBXFileReference; explicitFileType = wrapper.cfbundle; includeInIndex = 0; path = FirstAppTests.xctest; sourceTree = BUILT_PRODUCTS_DIR; };
		98FA82F21A5AD50F00BD99BF /* Info.plist */ = {isa = PBXFileReference; lastKnownFileType = text.plist.xml; path = Info.plist; sourceTree = "<group>"; };
		98FA82F31A5AD50F00BD99BF /* FirstAppTests.m */ = {isa = PBXFileReference; lastKnownFileType = sourcecode.c.objc; path = FirstAppTests.m; sourceTree = "<group>"; };
/* End PBXFileReference section */

/* Begin PBXFrameworksBuildPhase section */
		98FA82D11A5AD50F00BD99BF /* Frameworks */ = {
			isa = PBXFrameworksBuildPhase;
			buildActionMask = 2147483647;
			files = (
			);
			runOnlyForDeploymentPostprocessing = 0;
		};
		98FA82EA1A5AD50F00BD99BF /* Frameworks */ = {
			isa = PBXFrameworksBuildPhase;
			buildActionMask = 2147483647;
			files = (
			);
			runOnlyForDeploymentPostprocessing = 0;
		};
/* End PBXFrameworksBuildPhase section */

/* Begin PBXGroup section */
		98FA82CB1A5AD50F00BD99BF = {
			isa = PBXGroup;
			children = (
				98FA82D61A5AD50F00BD99BF /* FirstApp */,
				98FA82F01A5AD50F00BD99BF /* FirstAppTests */,
				98FA82D51A5AD50F00BD99BF /* Products */,
			);
			sourceTree = "<group>";
		};
		98FA82D51A5AD50F00BD99BF /* Products */ = {
			isa = PBXGroup;
			children = (
				98FA82D41A5AD50F00BD99BF /* FirstApp.app */,
				98FA82ED1A5AD50F00BD99BF /* FirstAppTests.xctest */,
			);
			name = Products;
			sourceTree = "<group>";
		};
		98FA82D61A5AD50F00BD99BF /* FirstApp */ = {
			isa = PBXGroup;
			children = (
				981A10E91A61FF350003486F /* PrettyButton.m */,
				981A10EA1A61FF350003486F /* PrettyButton.h */,
				98FA82DE1A5AD50F00BD99BF /* ViewController.h */,
				98FA82DF1A5AD50F00BD99BF /* ViewController.m */,
				98FA82E11A5AD50F00BD99BF /* Main.storyboard */,
				98FA82D71A5AD50F00BD99BF /* Supporting Files */,
			);
			path = FirstApp;
			sourceTree = "<group>";
		};
		98FA82D71A5AD50F00BD99BF /* Supporting Files */ = {
			isa = PBXGroup;
			children = (
				98FA82DB1A5AD50F00BD99BF /* AppDelegate.h */,
				98FA82DC1A5AD50F00BD99BF /* AppDelegate.m */,
				98FA82E41A5AD50F00BD99BF /* Images.xcassets */,
				98FA82E61A5AD50F00BD99BF /* LaunchScreen.xib */,
				98FA82D81A5AD50F00BD99BF /* Info.plist */,
				98FA82D91A5AD50F00BD99BF /* main.m */,
			);
			name = "Supporting Files";
			sourceTree = "<group>";
		};
		98FA82F01A5AD50F00BD99BF /* FirstAppTests */ = {
			isa = PBXGroup;
			children = (
				98FA82F31A5AD50F00BD99BF /* FirstAppTests.m */,
				98FA82F11A5AD50F00BD99BF /* Supporting Files */,
			);
			path = FirstAppTests;
			sourceTree = "<group>";
		};
		98FA82F11A5AD50F00BD99BF /* Supporting Files */ = {
			isa = PBXGroup;
			children = (
				98FA82F21A5AD50F00BD99BF /* Info.plist */,
			);
			name = "Supporting Files";
			sourceTree = "<group>";
		};
/* End PBXGroup section */

/* Begin PBXNativeTarget section */
		98FA82D31A5AD50F00BD99BF /* FirstApp */ = {
			isa = PBXNativeTarget;
			buildConfigurationList = 98FA82F71A5AD50F00BD99BF /* Build configuration list for PBXNativeTarget "FirstApp" */;
			buildPhases = (
				98FA82D01A5AD50F00BD99BF /* Sources */,
				98FA82D11A5AD50F00BD99BF /* Frameworks */,
				98FA82D21A5AD50F00BD99BF /* Resources */,
			);
			buildRules = (
			);
			dependencies = (
			);
			name = FirstApp;
			productName = FirstApp;
			productReference = 98FA82D41A5AD50F00BD99BF /* FirstApp.app */;
			productType = "com.apple.product-type.application";
		};
		98FA82EC1A5AD50F00BD99BF /* FirstAppTests */ = {
			isa = PBXNativeTarget;
			buildConfigurationList = 98FA82FA1A5AD50F00BD99BF /* Build configuration list for PBXNativeTarget "FirstAppTests" */;
			buildPhases = (
				98FA82E91A5AD50F00BD99BF /* Sources */,
				98FA82EA1A5AD50F00BD99BF /* Frameworks */,
				98FA82EB1A5AD50F00BD99BF /* Resources */,
			);
			buildRules = (
			);
			dependencies = (
				98FA82EF1A5AD50F00BD99BF /* PBXTargetDependency */,
			);
			name = FirstAppTests;
			productName = FirstAppTests;
			productReference = 98FA82ED1A5AD50F00BD99BF /* FirstAppTests.xctest */;
			productType = "com.apple.product-type.bundle.unit-test";
		};
/* End PBXNativeTarget section */

/* Begin PBXProject section */
		98FA82CC1A5AD50F00BD99BF /* Project object */ = {
			isa = PBXProject;
			attributes = {
				LastUpgradeCheck = 0610;
				ORGANIZATIONNAME = "Nick Cowart";
				TargetAttributes = {
					98FA82D31A5AD50F00BD99BF = {
						CreatedOnToolsVersion = 6.1.1;
					};
					98FA82EC1A5AD50F00BD99BF = {
						CreatedOnToolsVersion = 6.1.1;
						TestTargetID = 98FA82D31A5AD50F00BD99BF;
					};
				};
			};
			buildConfigurationList = 98FA82CF1A5AD50F00BD99BF /* Build configuration list for PBXProject "FirstApp" */;
			compatibilityVersion = "Xcode 3.2";
			developmentRegion = English;
			hasScannedForEncodings = 0;
			knownRegions = (
				en,
				Base,
			);
			mainGroup = 98FA82CB1A5AD50F00BD99BF;
			productRefGroup = 98FA82D51A5AD50F00BD99BF /* Products */;
			projectDirPath = "";
			projectRoot = "";
			targets = (
				98FA82D31A5AD50F00BD99BF /* FirstApp */,
				98FA82EC1A5AD50F00BD99BF /* FirstAppTests */,
			);
		};
/* End PBXProject section */

/* Begin PBXResourcesBuildPhase section */
		98FA82D21A5AD50F00BD99BF /* Resources */ = {
			isa = PBXResourcesBuildPhase;
			buildActionMask = 2147483647;
			files = (
				98FA82E31A5AD50F00BD99BF /* Main.storyboard in Resources */,
				98FA82E81A5AD50F00BD99BF /* LaunchScreen.xib in Resources */,
				98FA82E51A5AD50F00BD99BF /* Images.xcassets in Resources */,
			);
			runOnlyForDeploymentPostprocessing = 0;
		};
		98FA82EB1A5AD50F00BD99BF /* Resources */ = {
			isa = PBXResourcesBuildPhase;
			buildActionMask = 2147483647;
			files = (
			);
			runOnlyForDeploymentPostprocessing = 0;
		};
/* End PBXResourcesBuildPhase section */

/* Begin PBXSourcesBuildPhase section */
		98FA82D01A5AD50F00BD99BF /* Sources */ = {
			isa = PBXSourcesBuildPhase;
			buildActionMask = 2147483647;
			files = (
				98FA82E01A5AD50F00BD99BF /* ViewController.m in Sources */,
				981A10EB1A61FF350003486F /* PrettyButton.m in Sources */,
				98FA82DD1A5AD50F00BD99BF /* AppDelegate.m in Sources */,
				98FA82DA1A5AD50F00BD99BF /* main.m in Sources */,
			);
			runOnlyForDeploymentPostprocessing = 0;
		};
		98FA82E91A5AD50F00BD99BF /* Sources */ = {
			isa = PBXSourcesBuildPhase;
			buildActionMask = 2147483647;
			files = (
				98FA82F41A5AD50F00BD99BF /* FirstAppTests.m in Sources */,
			);
			runOnlyForDeploymentPostprocessing = 0;
		};
/* End PBXSourcesBuildPhase section */

/* Begin PBXTargetDependency section */
		98FA82EF1A5AD50F00BD99BF /* PBXTargetDependency */ = {
			isa = PBXTargetDependency;
			target = 98FA82D31A5AD50F00BD99BF /* FirstApp */;
			targetProxy = 98FA82EE1A5AD50F00BD99BF /* PBXContainerItemProxy */;
		};
/* End PBXTargetDependency section */

/* Begin PBXVariantGroup section */
		98FA82E11A5AD50F00BD99BF /* Main.storyboard */ = {
			isa = PBXVariantGroup;
			children = (
				98FA82E21A5AD50F00BD99BF /* Base */,
			);
			name = Main.storyboard;
			sourceTree = "<group>";
		};
		98FA82E61A5AD50F00BD99BF /* LaunchScreen.xib */ = {
			isa = PBXVariantGroup;
			children = (
				98FA82E71A5AD50F00BD99BF /* Base */,
			);
			name = LaunchScreen.xib;
			sourceTree = "<group>";
		};
/* End PBXVariantGroup section */

/* Begin XCBuildConfiguration section */
		98FA82F51A5AD50F00BD99BF /* Debug */ = {
			isa = XCBuildConfiguration;
			buildSettings = {
				ALWAYS_SEARCH_USER_PATHS = NO;
				CLANG_CXX_LANGUAGE_STANDARD = "gnu++0x";
				CLANG_CXX_LIBRARY = "libc++";
				CLANG_ENABLE_MODULES = YES;
				CLANG_ENABLE_OBJC_ARC = YES;
				CLANG_WARN_BOOL_CONVERSION = YES;
				CLANG_WARN_CONSTANT_CONVERSION = YES;
				CLANG_WARN_DIRECT_OBJC_ISA_USAGE = YES_ERROR;
				CLANG_WARN_EMPTY_BODY = YES;
				CLANG_WARN_ENUM_CONVERSION = YES;
				CLANG_WARN_INT_CONVERSION = YES;
				CLANG_WARN_OBJC_ROOT_CLASS = YES_ERROR;
				CLANG_WARN_UNREACHABLE_CODE = YES;
				CLANG_WARN__DUPLICATE_METHOD_MATCH = YES;
				"CODE_SIGN_IDENTITY[sdk=iphoneos*]" = "iPhone Developer";
				COPY_PHASE_STRIP = NO;
				ENABLE_STRICT_OBJC_MSGSEND = YES;
				GCC_C_LANGUAGE_STANDARD = gnu99;
				GCC_DYNAMIC_NO_PIC = NO;
				GCC_OPTIMIZATION_LEVEL = 0;
				GCC_PREPROCESSOR_DEFINITIONS = (
					"DEBUG=1",
					"$(inherited)",
				);
				GCC_SYMBOLS_PRIVATE_EXTERN = NO;
				GCC_WARN_64_TO_32_BIT_CONVERSION = YES;
				GCC_WARN_ABOUT_RETURN_TYPE = YES_ERROR;
				GCC_WARN_UNDECLARED_SELECTOR = YES;
				GCC_WARN_UNINITIALIZED_AUTOS = YES_AGGRESSIVE;
				GCC_WARN_UNUSED_FUNCTION = YES;
				GCC_WARN_UNUSED_VARIABLE = YES;
				IPHONEOS_DEPLOYMENT_TARGET = 8.1;
				MTL_ENABLE_DEBUG_INFO = YES;
				ONLY_ACTIVE_ARCH = YES;
				SDKROOT = iphoneos;
			};
			name = Debug;
		};
		98FA82F61A5AD50F00BD99BF /* Release */ = {
			isa = XCBuildConfiguration;
			buildSettings = {
				ALWAYS_SEARCH_USER_PATHS = NO;
				CLANG_CXX_LANGUAGE_STANDARD = "gnu++0x";
				CLANG_CXX_LIBRARY = "libc++";
				CLANG_ENABLE_MODULES = YES;
				CLANG_ENABLE_OBJC_ARC = YES;
				CLANG_WARN_BOOL_CONVERSION = YES;
				CLANG_WARN_CONSTANT_CONVERSION = YES;
				CLANG_WARN_DIRECT_OBJC_ISA_USAGE = YES_ERROR;
				CLANG_WARN_EMPTY_BODY = YES;
				CLANG_WARN_ENUM_CONVERSION = YES;
				CLANG_WARN_INT_CONVERSION = YES;
				CLANG_WARN_OBJC_ROOT_CLASS = YES_ERROR;
				CLANG_WARN_UNREACHABLE_CODE = YES;
				CLANG_WARN__DUPLICATE_METHOD_MATCH = YES;
				"CODE_SIGN_IDENTITY[sdk=iphoneos*]" = "iPhone Developer";
				COPY_PHASE_STRIP = YES;
				ENABLE_NS_ASSERTIONS = NO;
				ENABLE_STRICT_OBJC_MSGSEND = YES;
				GCC_C_LANGUAGE_STANDARD = gnu99;
				GCC_WARN_64_TO_32_BIT_CONVERSION = YES;
				GCC_WARN_ABOUT_RETURN_TYPE = YES_ERROR;
				GCC_WARN_UNDECLARED_SELECTOR = YES;
				GCC_WARN_UNINITIALIZED_AUTOS = YES_AGGRESSIVE;
				GCC_WARN_UNUSED_FUNCTION = YES;
				GCC_WARN_UNUSED_VARIABLE = YES;
				IPHONEOS_DEPLOYMENT_TARGET = 8.1;
				MTL_ENABLE_DEBUG_INFO = NO;
				SDKROOT = iphoneos;
				VALIDATE_PRODUCT = YES;
			};
			name = Release;
		};
		98FA82F81A5AD50F00BD99BF /* Debug */ = {
			isa = XCBuildConfiguration;
			buildSettings = {
				ASSETCATALOG_COMPILER_APPICON_NAME = AppIcon;
				INFOPLIST_FILE = FirstApp/Info.plist;
				LD_RUNPATH_SEARCH_PATHS = "$(inherited) @executable_path/Frameworks";
				PRODUCT_NAME = "$(TARGET_NAME)";
			};
			name = Debug;
		};
		98FA82F91A5AD50F00BD99BF /* Release */ = {
			isa = XCBuildConfiguration;
			buildSettings = {
				ASSETCATALOG_COMPILER_APPICON_NAME = AppIcon;
				INFOPLIST_FILE = FirstApp/Info.plist;
				LD_RUNPATH_SEARCH_PATHS = "$(inherited) @executable_path/Frameworks";
				PRODUCT_NAME = "$(TARGET_NAME)";
			};
			name = Release;
		};
		98FA82FB1A5AD50F00BD99BF /* Debug */ = {
			isa = XCBuildConfiguration;
			buildSettings = {
				BUNDLE_LOADER = "$(TEST_HOST)";
				FRAMEWORK_SEARCH_PATHS = (
					"$(SDKROOT)/Developer/Library/Frameworks",
					"$(inherited)",
				);
				GCC_PREPROCESSOR_DEFINITIONS = (
					"DEBUG=1",
					"$(inherited)",
				);
				INFOPLIST_FILE = FirstAppTests/Info.plist;
				LD_RUNPATH_SEARCH_PATHS = "$(inherited) @executable_path/Frameworks @loader_path/Frameworks";
				PRODUCT_NAME = "$(TARGET_NAME)";
				TEST_HOST = "$(BUILT_PRODUCTS_DIR)/FirstApp.app/FirstApp";
			};
			name = Debug;
		};
		98FA82FC1A5AD50F00BD99BF /* Release */ = {
			isa = XCBuildConfiguration;
			buildSettings = {
				BUNDLE_LOADER = "$(TEST_HOST)";
				FRAMEWORK_SEARCH_PATHS = (
					"$(SDKROOT)/Developer/Library/Frameworks",
					"$(inherited)",
				);
				INFOPLIST_FILE = FirstAppTests/Info.plist;
				LD_RUNPATH_SEARCH_PATHS = "$(inherited) @executable_path/Frameworks @loader_path/Frameworks";
				PRODUCT_NAME = "$(TARGET_NAME)";
				TEST_HOST = "$(BUILT_PRODUCTS_DIR)/FirstApp.app/FirstApp";
			};
			name = Release;
		};
/* End XCBuildConfiguration section */

/* Begin XCConfigurationList section */
		98FA82CF1A5AD50F00BD99BF /* Build configuration list for PBXProject "FirstApp" */ = {
			isa = XCConfigurationList;
			buildConfigurations = (
				98FA82F51A5AD50F00BD99BF /* Debug */,
				98FA82F61A5AD50F00BD99BF /* Release */,
			);
			defaultConfigurationIsVisible = 0;
			defaultConfigurationName = Release;
		};
		98FA82F71A5AD50F00BD99BF /* Build configuration list for PBXNativeTarget "FirstApp" */ = {
			isa = XCConfigurationList;
			buildConfigurations = (
				98FA82F81A5AD50F00BD99BF /* Debug */,
				98FA82F91A5AD50F00BD99BF /* Release */,
			);
			defaultConfigurationIsVisible = 0;
			defaultConfigurationName = Release;
		};
		98FA82FA1A5AD50F00BD99BF /* Build configuration list for PBXNativeTarget "FirstAppTests" */ = {
			isa = XCConfigurationList;
			buildConfigurations = (
				98FA82FB1A5AD50F00BD99BF /* Debug */,
				98FA82FC1A5AD50F00BD99BF /* Release */,
			);
			defaultConfigurationIsVisible = 0;
			defaultConfigurationName = Release;
		};
/* End XCConfigurationList section */
	};
	rootObject = 98FA82CC1A5AD50F00BD99BF /* Project object */;
}
